
Microsoft Visual Studio Solution File, Format Version 12.00
# Visual Studio Version 17
VisualStudioVersion = 17.10.35027.167
MinimumVisualStudioVersion = 10.0.40219.1
Project("{8BC9CEB8-8B4A-11D0-8D11-00A0C91BC942}") = "PG2_EvolutionTask2", "PG2_EvolutionTask2.vcxproj", "{455A5654-7F0B-457E-BEEA-DE36BC4048DC}"
EndProject
Global
	GlobalSection(SolutionConfigurationPlatforms) = preSolution
		Debug|x64 = Debug|x64
		Release|x64 = Release|x64
	EndGlobalSection
	GlobalSection(ProjectConfigurationPlatforms) = postSolution
		{455A5654-7F0B-457E-BEEA-DE36BC4048DC}.Debug|x64.ActiveCfg = Debug|x64
		{455A5654-7F0B-457E-BEEA-DE36BC4048DC}.Debug|x64.Build.0 = Debug|x64
		{455A5654-7F0B-457E-BEEA-DE36BC4048DC}.Release|x64.ActiveCfg = Release|x64
		{455A5654-7F0B-457E-BEEA-DE36BC4048DC}.Release|x64.Build.0 = Release|x64
	EndGlobalSection
	GlobalSection(SolutionProperties) = preSolution
		HideSolutionNode = FALSE
	EndGlobalSection
	GlobalSection(ExtensibilityGlobals) = postSolution
		SolutionGuid = {D2A0E97A-9895-4F17-8DF8-328EB8E9BC0D}
	EndGlobalSection
EndGlobal
